# Generated by conda-lock.
# platform: linux-64
# input_hash: 695a181c6ec94cc45d998e77cab1bb10f4f20785c1a020f71e212ddb2849325e
@EXPLICIT
https://conda.anaconda.org/conda-forge/linux-64/_libgcc_mutex-0.1-conda_forge.tar.bz2#d7c89558ba9fa0495403155b64376d81
https://repo.anaconda.com/pkgs/main/linux-64/ca-certificates-2021.10.26-h06a4308_2.conda#55d8c51214ce7b3ddf594da13848a122
https://repo.anaconda.com/pkgs/main/linux-64/intel-openmp-2020.2-254.conda#e5ebf34035f1012b68e2e1508c9c48a5
https://conda.anaconda.org/conda-forge/linux-64/ld_impl_linux-64-2.35.1-hea4e1c9_2.tar.bz2#83610dba766a186bdc7a116053b782a4
https://conda.anaconda.org/conda-forge/linux-64/libgfortran4-7.5.0-h14aa051_18.tar.bz2#cbb6af25a21105611f901fa338d804d5
https://conda.anaconda.org/conda-forge/linux-64/libstdcxx-ng-11.1.0-h56837e0_8.tar.bz2#930957b6bff66cfd539ada080c5ca3e8
https://conda.anaconda.org/conda-forge/linux-64/mysql-common-8.0.27-ha770c72_3.tar.bz2#49210aaa9080888f9f9b460c70202bd3
https://repo.anaconda.com/pkgs/main/linux-64/pandoc-2.12-h06a4308_0.conda#b1de5a57d2bd761d1bf03bb89a12a933
https://conda.anaconda.org/conda-forge/noarch/pybind11-abi-4-hd8ed1ab_3.tar.bz2#878f923dd6acc8aeb47a75da6c4098be
https://conda.anaconda.org/pytorch/noarch/pytorch-mutex-1.0-cuda.tar.bz2#a948316e36fb5b11223b3fcfa93f8358
https://conda.anaconda.org/conda-forge/linux-64/utfcpp-3.1.2-0.tar.bz2#041be31912bd1807b2884b0819385c25
https://conda.anaconda.org/conda-forge/linux-64/libgfortran-ng-7.5.0-h14aa051_18.tar.bz2#6b6d450f834ece56ad7cbb7e25f4381e
https://conda.anaconda.org/conda-forge/linux-64/libgomp-11.1.0-hc902ee8_8.tar.bz2#f2dd961d1ae80d9d81b3d5068807f11b
https://repo.anaconda.com/pkgs/main/linux-64/mkl-2020.2-256.conda#a73b6cbcdbcc8f4a10d5b46181f418bb
https://conda.anaconda.org/conda-forge/linux-64/_openmp_mutex-4.5-1_gnu.tar.bz2#561e277319a41d4f24f5c05a9ef63c04
https://conda.anaconda.org/conda-forge/linux-64/libblas-3.8.0-16_mkl.tar.bz2#3679ac1df8659b464dd5fdd9aad2f006
https://conda.anaconda.org/conda-forge/linux-64/libcblas-3.8.0-16_mkl.tar.bz2#78627e44d6e6930bcfecfdffe4df0db6
https://conda.anaconda.org/conda-forge/linux-64/libgcc-ng-11.1.0-hc902ee8_8.tar.bz2#da6221956ce8582d8e71acc16dfe4c3e
https://conda.anaconda.org/conda-forge/linux-64/liblapack-3.8.0-16_mkl.tar.bz2#c50fcfbb7423e0e9b02f648a3661367f
https://conda.anaconda.org/conda-forge/linux-64/blosc-1.21.0-h9c3ff4c_0.tar.bz2#5e815e5126c6f7e34ab4496fa1b48dca
https://repo.anaconda.com/pkgs/main/linux-64/brotli-1.0.9-he6710b0_2.conda#6513a2c97bd29ec2978d163c7e1f7932
https://repo.anaconda.com/pkgs/main/linux-64/bzip2-1.0.8-h7b6447c_0.conda#9303f4af7c004e069bae22bde8d800ee
https://repo.anaconda.com/pkgs/main/linux-64/c-ares-1.17.1-h27cfd23_0.conda#5e5b4f78e590914237307029282c971b
https://repo.anaconda.com/pkgs/main/linux-64/charls-2.2.0-h2531618_0.conda#abcace262ab5673ba2b89c658b7bc846
https://repo.anaconda.com/pkgs/main/linux-64/cudatoolkit-11.3.1-h2bc3f7f_2.conda#ec7241a3939c49e0f071ff0409bb438f
https://repo.anaconda.com/pkgs/main/linux-64/double-conversion-3.1.5-he6710b0_1.conda#7997b27a33f772d5a6aac26f7ccf849f
https://conda.anaconda.org/conda-forge/linux-64/eigen-3.3.9-h4bd325d_1.tar.bz2#385d4d5ebf8a471805df2506de5bc2cb
https://repo.anaconda.com/pkgs/main/linux-64/expat-2.3.0-h2531618_2.conda#ba5b1fda80a3db1f2e3dd3afbc579fab
https://repo.anaconda.com/pkgs/main/linux-64/fftw-3.3.9-h27cfd23_1.conda#d266674fbd3345d45a69896e1bdef8be
https://repo.anaconda.com/pkgs/main/linux-64/giflib-5.2.1-h7b6447c_0.conda#c2583ad8de5051f19479580c58336f15
https://repo.anaconda.com/pkgs/main/linux-64/gmp-6.2.1-h2531618_2.conda#2e73d31066d9abc951ad4fe55e70cb98
https://repo.anaconda.com/pkgs/main/linux-64/icu-68.1-h2531618_0.conda#446da901624ad90d03fac6e5d467fa1e
https://repo.anaconda.com/pkgs/main/linux-64/jbig-2.1-hdba287a_0.conda#17d909449cd89da0324bf755aee5a9ef
https://conda.anaconda.org/conda-forge/linux-64/jpeg-9d-h516909a_0.tar.bz2#aa82d2e6e1fa196bf4addd7ebc71a807
https://repo.anaconda.com/pkgs/main/linux-64/jsoncpp-1.9.4-hff7bd54_2.conda#861d0859c0e3bdee74e28868c94184ab
https://repo.anaconda.com/pkgs/main/linux-64/jxrlib-1.1-h7b6447c_2.conda#3cc305f3788177c8ea28088590ab75a1
https://repo.anaconda.com/pkgs/main/linux-64/lame-3.100-h7b6447c_0.conda#477799f2a31e72dd949fa5c043a409de
https://repo.anaconda.com/pkgs/main/linux-64/lerc-3.0-h295c915_0.conda#b97309770412f10bed8d9448f6f98f87
https://conda.anaconda.org/conda-forge/linux-64/libaec-1.0.6-h9c3ff4c_0.tar.bz2#c77f5e4e418fa47d699d6afa54c5d444
https://conda.anaconda.org/conda-forge/linux-64/libbrotlicommon-1.0.9-h7f98852_6.tar.bz2#b0f44f63f7d771d7670747a1dd5d5ac1
https://repo.anaconda.com/pkgs/main/linux-64/libdeflate-1.8-h7f8727e_5.conda#6942d65edab9a800900f43e750b3ad1f
https://repo.anaconda.com/pkgs/main/linux-64/libev-4.33-h7b6447c_0.conda#a022f5d9c1737589a55c715cfaada508
https://repo.anaconda.com/pkgs/main/linux-64/libffi-3.3-he6710b0_2.conda#88a54b8f50e351c650e16f4ee781440c
https://repo.anaconda.com/pkgs/main/linux-64/libglu-9.0.0-hf484d3e_1.conda#0a985c66d84d7bba59d31952eebb0e57
https://conda.anaconda.org/conda-forge/linux-64/libiconv-1.16-h516909a_0.tar.bz2#5c0f338a513a2943c659ae619fca9211
https://conda.anaconda.org/conda-forge/linux-64/liblapacke-3.8.0-16_mkl.tar.bz2#118ef2791b03c9679417945ec73fd65e
https://conda.anaconda.org/conda-forge/linux-64/libogg-1.3.4-h7f98852_1.tar.bz2#6e8cc2173440d77708196c5b93771680
https://conda.anaconda.org/conda-forge/linux-64/libopenblas-0.3.12-pthreads_hb3c22a3_1.tar.bz2#602e033fdeeae7a88dd90283aa777a1f
https://repo.anaconda.com/pkgs/main/linux-64/libsodium-1.0.18-h7b6447c_0.conda#c8783b20f0e14bc1d701352c26c264d5
https://conda.anaconda.org/conda-forge/linux-64/libtasn1-4.18.0-h7f98852_0.tar.bz2#f03babb3d4f6cbf08743922d9be992c2
https://repo.anaconda.com/pkgs/main/linux-64/libunistring-0.9.10-h27cfd23_0.conda#5b6ed6cd1b1ca3a383daef1d6464d02a
https://conda.anaconda.org/conda-forge/linux-64/libunwind-1.4.0-he1b5a44_1.tar.bz2#efbb965c9ecdbb66d1e927174ec531a0
https://repo.anaconda.com/pkgs/main/linux-64/libuuid-1.0.3-h1bed415_2.conda#c7eb74a82210554559774327088c2582
https://conda.anaconda.org/conda-forge/linux-64/libuv-1.41.0-h7f98852_0.tar.bz2#808b41ebae1d9bd4aa8ffbc365d468c6
https://repo.anaconda.com/pkgs/main/linux-64/libwebp-base-1.2.0-h27cfd23_0.conda#4d1ba466be28f57eeba2c341ae1390f4
https://repo.anaconda.com/pkgs/main/linux-64/libxcb-1.14-h7b6447c_0.conda#05811f2f9a9af28f3d7d665dca4d573e
https://conda.anaconda.org/conda-forge/linux-64/libzlib-1.2.11-h36c2ea0_1013.tar.bz2#dcddf696ff5dfcab567100d691678e18
https://repo.anaconda.com/pkgs/main/linux-64/libzopfli-1.0.3-he6710b0_0.conda#8671895f71c9046f38b814f8662226f5
https://repo.anaconda.com/pkgs/main/linux-64/lz4-c-1.9.3-h295c915_1.conda#d9bd18f73ff566e08add10a54a3463cf
https://repo.anaconda.com/pkgs/main/linux-64/lzo-2.10-h7b6447c_2.conda#65722a7644f424de73fea6e87edd7653
https://repo.anaconda.com/pkgs/main/linux-64/ncurses-6.2-he6710b0_1.conda#b7ddf5ee3934b7f54620e8f6c0ee8a95
https://conda.anaconda.org/conda-forge/linux-64/ninja-1.10.2-h4bd325d_0.tar.bz2#15aa96cc0ff141127a8da4c5bb6486d7
https://conda.anaconda.org/conda-forge/linux-64/nspr-4.30-h9c3ff4c_0.tar.bz2#e6dc1f8f6e0bcebe8e3d8a5bca258dbe
https://repo.anaconda.com/pkgs/main/linux-64/openssl-1.1.1m-h7f8727e_0.conda#8ce61ffe2f4938f04b3d3325b4987cdb
https://repo.anaconda.com/pkgs/main/linux-64/pcre-8.44-he6710b0_0.conda#e337926bb92177a2a3aded95a895470d
https://conda.anaconda.org/conda-forge/linux-64/pugixml-1.11.4-h9c3ff4c_0.tar.bz2#3b6d9e8331a6d0b93f66fa1ead8dffb6
https://conda.anaconda.org/conda-forge/linux-64/reproc-14.2.1-h36c2ea0_0.tar.bz2#72dc07a3b9641f9f530bf72e2c7a12b2
https://repo.anaconda.com/pkgs/main/linux-64/snappy-1.1.8-he6710b0_0.conda#ae25e5e0fe1cc047fff7314df6bc1368
https://repo.anaconda.com/pkgs/main/linux-64/tbb-2020.3-hfd86e86_0.conda#7d06fdc8b4f3e389f26f67311c7ccf5f
https://conda.anaconda.org/conda-forge/linux-64/x264-1!161.3030-h7f98852_1.tar.bz2#4c9106542ee02c991b64b575ca4ea029
https://conda.anaconda.org/conda-forge/linux-64/xorg-kbproto-1.0.7-h14c3975_1002.tar.bz2#6dfe5dbe10d55266e4a5e89287eed578
https://conda.anaconda.org/conda-forge/linux-64/xorg-libice-1.0.10-h516909a_0.tar.bz2#4dfda1ccfd0cc90c4fe6786acece9a30
https://conda.anaconda.org/conda-forge/linux-64/xorg-xextproto-7.3.0-h14c3975_1002.tar.bz2#f08999859c405bad87c4bf9b6cdc7bbb
https://repo.anaconda.com/pkgs/main/linux-64/xorg-xproto-7.0.31-h27cfd23_1007.conda#287ea0f32c5f1c209e5030ead360b613
https://repo.anaconda.com/pkgs/main/linux-64/xz-5.2.5-h7b6447c_0.conda#73a16ea8ba890175a1ce94a3a87c8f68
https://repo.anaconda.com/pkgs/main/linux-64/yaml-0.2.5-h7b6447c_0.conda#39fdbf4db769e494ffb06d95680c83d8
https://conda.anaconda.org/conda-forge/linux-64/yaml-cpp-0.6.3-he1b5a44_4.tar.bz2#8e873da49d14b584bed5a09084a68136
https://repo.anaconda.com/pkgs/main/linux-64/zfp-0.5.5-h2531618_4.conda#9b3f84d8cee6a75438ece1e297b25024
https://conda.anaconda.org/conda-forge/linux-64/blas-2.16-mkl.tar.bz2#6a632d07773acbef3544ab7d0fc36d88
https://repo.anaconda.com/pkgs/main/linux-64/brunsli-0.1-h2531618_0.conda#6777d1b10f8e02143f9708699f7ab354
https://conda.anaconda.org/conda-forge/linux-64/libbrotlidec-1.0.9-h7f98852_6.tar.bz2#c7c03a2592cac92246a13a0732bd1573
https://conda.anaconda.org/conda-forge/linux-64/libbrotlienc-1.0.9-h7f98852_6.tar.bz2#28bfe0a70154e6881da7bae97517c948
https://repo.anaconda.com/pkgs/main/linux-64/libedit-3.1.20210216-h27cfd23_1.conda#e04d04ddd875c3877eaad0d94b250166
https://conda.anaconda.org/conda-forge/linux-64/libevent-2.1.10-hcdb4288_3.tar.bz2#d8f51405997093ff1799ded7650439c4
https://repo.anaconda.com/pkgs/main/linux-64/libidn2-2.3.2-h7f8727e_0.conda#3ce9977fc2669601f79a2eb360b95fe6
https://repo.anaconda.com/pkgs/main/linux-64/libssh2-1.9.0-h1ba5d50_1.conda#f20d2c2f77ee95f800cf0e932af216ab
https://repo.anaconda.com/pkgs/main/linux-64/libvorbis-1.3.7-h7b6447c_0.conda#66711b855c73a5ac42127ad8789b6cf3
https://repo.anaconda.com/pkgs/main/linux-64/nettle-3.7.3-hbbd107a_1.conda#9357ec2203a163a92a0337eb5e8e3356
https://conda.anaconda.org/conda-forge/linux-64/openblas-0.3.12-pthreads_h43bd3aa_1.tar.bz2#a3463bc537b6f3e90b0c6da3222a14c8
https://conda.anaconda.org/conda-forge/linux-64/py-spy-0.3.5-h17340ac_0.tar.bz2#f4599e6974f88067c80e2598f42aa573
https://repo.anaconda.com/pkgs/main/linux-64/readline-8.1-h27cfd23_0.conda#715789a38d447bc0cccc936209ac78c0
https://conda.anaconda.org/conda-forge/linux-64/reproc-cpp-14.2.1-h58526e2_0.tar.bz2#d1d5d63dafc7b2e484d02823606db5d9
https://repo.anaconda.com/pkgs/main/linux-64/tbb-devel-2020.3-hfd86e86_0.conda#a420da7dc7770dd8ddfb1b159a24c54a
https://conda.anaconda.org/conda-forge/linux-64/xorg-libsm-1.2.2-h470a237_5.tar.bz2#78c03347efc45f0df5f79d20e1544c92
https://conda.anaconda.org/conda-forge/linux-64/xorg-libx11-1.7.0-h36c2ea0_0.tar.bz2#df274e8b0a971e8e678f779f88b6961a
https://repo.anaconda.com/pkgs/main/linux-64/zeromq-4.3.4-h2531618_0.conda#45ce422428d9c98f354aec4b5cbd1046
https://conda.anaconda.org/conda-forge/linux-64/zlib-1.2.11-h36c2ea0_1013.tar.bz2#cf7190238072a41e9579e4476a6a60b8
https://conda.anaconda.org/conda-forge/linux-64/zstd-1.5.1-ha95c52a_0.tar.bz2#4eec219a4bd69c11579601804cec5baf
https://conda.anaconda.org/conda-forge/linux-64/c-blosc2-2.0.4-h5f21a17_1.tar.bz2#5a5c87220eae9668cb281e2a2063e612
https://repo.anaconda.com/pkgs/main/linux-64/gnutls-3.6.15-he1e5248_0.conda#de368b69defbce286b7cec43efbd4187
https://repo.anaconda.com/pkgs/main/linux-64/hdf4-4.2.13-h3ca952b_2.conda#99f7b578c71893c6ffbe359499374048
https://repo.anaconda.com/pkgs/main/linux-64/krb5-1.19.2-hac12032_0.conda#62a43976b48799377103390c340a3824
https://conda.anaconda.org/conda-forge/linux-64/libllvm11-11.1.0-hf817b99_0.tar.bz2#4d61301a5098fa6dcc2b83c80f7f70f9
https://repo.anaconda.com/pkgs/main/linux-64/libnghttp2-1.46.0-hce63b2e_0.conda#bf09e3bce5afd6b281f6e3722c4b7f7b
https://repo.anaconda.com/pkgs/main/linux-64/libpng-1.6.37-hbc83047_0.conda#689f903925dcf6c5ab7bc1de0f58b67b
https://conda.anaconda.org/conda-forge/linux-64/libprotobuf-3.15.6-h780b84a_0.tar.bz2#76a5ad1e4a370df9c1ec15fa9d86e2a5
https://conda.anaconda.org/conda-forge/linux-64/libsolv-0.7.19-h780b84a_5.tar.bz2#fbbf302144ceb973c30c160ec4c62984
https://conda.anaconda.org/conda-forge/linux-64/libtiff-4.3.0-h6f004c6_2.tar.bz2#34fda41ca84e67232888c9a885903055
https://conda.anaconda.org/conda-forge/linux-64/libxml2-2.9.12-h72842e0_0.tar.bz2#bd14fdf5b9ee5568056a40a6a2f41866
https://conda.anaconda.org/conda-forge/linux-64/mysql-libs-8.0.27-hfa10184_3.tar.bz2#7cd299934880b05703ee86a62325982f
https://conda.anaconda.org/conda-forge/linux-64/openh264-2.1.1-h780b84a_0.tar.bz2#034a6f90f1bbc7ba11d04b84ec9d74c8
https://repo.anaconda.com/pkgs/main/linux-64/sqlite-3.35.3-hdfb4753_0.conda#fd96cbc3b1355116b6f0d00a47f67b4c
https://repo.anaconda.com/pkgs/main/linux-64/tk-8.6.10-hbc83047_0.conda#9ba14aaba4818a66c820f85f5bf34ca0
https://conda.anaconda.org/conda-forge/linux-64/xorg-libxext-1.3.4-h7f98852_1.tar.bz2#536cc5db4d0a3ba0630541aec064b5e4
https://conda.anaconda.org/conda-forge/linux-64/xorg-libxt-1.2.1-h7f98852_2.tar.bz2#60d6eec5273f1c9af096c10c268912e3
https://repo.anaconda.com/pkgs/main/linux-64/freetype-2.10.4-h5ab3b9f_0.conda#bef0ea8b3abc9d84674733a3ca426865
https://repo.anaconda.com/pkgs/main/linux-64/gettext-0.20.2-hf68c758_0.conda#ebe271ec89971da8254e311700e8a981
https://conda.anaconda.org/conda-forge/linux-64/gl2ps-1.4.2-he06d7ca_0.tar.bz2#1d2bce6d0f6163e5666755da3c8e98d3
https://conda.anaconda.org/conda-forge/linux-64/glew-2.1.0-h9c3ff4c_2.tar.bz2#fb05eb5c47590b247658243d27fc32f1
https://conda.anaconda.org/conda-forge/linux-64/lcms2-2.12-hddcbb42_0.tar.bz2#797117394a4aa588de6d741b06fad80f
https://conda.anaconda.org/conda-forge/linux-64/libarchive-3.5.2-hccf745f_1.tar.bz2#c777ce221e0f3f1aade66074405d042e
https://conda.anaconda.org/conda-forge/linux-64/libclang-11.1.0-default_ha53f305_0.tar.bz2#b7bc364d3ecf51443d48e14f87d784de
https://repo.anaconda.com/pkgs/main/linux-64/libcurl-7.80.0-h0b77cf5_0.conda#91cea86ac0407414d3b55e7a38d60384
https://conda.anaconda.org/conda-forge/linux-64/libpq-13.3-hd57d9b9_0.tar.bz2#66ef2cacc483205b7d303f7b02601c3b
https://repo.anaconda.com/pkgs/main/linux-64/libtheora-1.1.1-h5ab3b9f_1.conda#d68deb65b66dce4242def733cd0ae252
https://conda.anaconda.org/conda-forge/linux-64/libxkbcommon-1.0.3-he3ba5ed_0.tar.bz2#f9dbabc7e01c459ed7a1d1d64b206e9b
https://conda.anaconda.org/conda-forge/linux-64/nss-3.63-hb5efdd6_0.tar.bz2#f7c6c9299233162f3fb1f8d75aa5ae99
https://conda.anaconda.org/conda-forge/linux-64/openjpeg-2.4.0-hf7af979_0.tar.bz2#f677c4652b03ed5d1352bf976be7192c
https://repo.anaconda.com/pkgs/main/linux-64/python-3.8.8-hdb3f193_4.conda#4f1e16654a9e471666e87d5b06684bbb
https://repo.anaconda.com/pkgs/main/noarch/appdirs-1.4.4-py_0.conda#483878b172607008f5f8e3bfded615bc
https://repo.anaconda.com/pkgs/main/noarch/async_generator-1.10-pyhd3eb1b0_0.tar.bz2#c1a2aee62319a0fd9a40460b5c1d3b54
https://repo.anaconda.com/pkgs/main/noarch/attrs-20.3.0-pyhd3eb1b0_0.conda#5605773235ba2c3d097b130132bc5907
https://repo.anaconda.com/pkgs/main/noarch/backcall-0.2.0-pyhd3eb1b0_0.tar.bz2#b2aa5503875aba2f1d88cae9df9a96d5
https://repo.anaconda.com/pkgs/main/linux-64/blinker-1.4-py38_0.conda#90a66878d88be21789b74fb87d3e107f
https://repo.anaconda.com/pkgs/main/noarch/cached-property-1.5.2-py_0.conda#32deb173c271fa2d09744446024a6340
https://repo.anaconda.com/pkgs/main/noarch/cachetools-4.2.1-pyhd3eb1b0_0.conda#01877ba11b08d56740beb8471d885d65
https://repo.anaconda.com/pkgs/main/linux-64/certifi-2021.10.8-py38h06a4308_2.conda#5b1b38defe6479dcc64df1bc4dfb587d
https://repo.anaconda.com/pkgs/main/linux-64/cfitsio-3.470-hf0d0db6_6.conda#f590184d85f5ba8564bcfd052c09862d
https://repo.anaconda.com/pkgs/main/linux-64/chardet-4.0.0-py38h06a4308_1003.conda#a45f3efc4830696e43d55bca0626f750
https://repo.anaconda.com/pkgs/main/noarch/click-7.1.2-pyhd3eb1b0_0.tar.bz2#62c4d9050c9d92ac315a9ae52ec9c0df
https://repo.anaconda.com/pkgs/main/noarch/cloudpickle-1.6.0-py_0.conda#4af8dd70369256b84ed5cdb100871d85
https://repo.anaconda.com/pkgs/main/noarch/colorama-0.4.4-pyhd3eb1b0_0.conda#f550604d18b83878f647a491b2b343d6
https://repo.anaconda.com/pkgs/main/linux-64/coverage-5.5-py38h27cfd23_2.conda#42741b84cb7f6cfd80c5093f26d75659
https://repo.anaconda.com/pkgs/main/linux-64/curl-7.80.0-h7f8727e_0.conda#aac2502064f3db6a7a1cd9648aa605ef
https://repo.anaconda.com/pkgs/main/noarch/dataclasses-0.8-pyh6d0b6a4_7.conda#c60f3b0bd8b5f199592f4de39c606ae4
https://repo.anaconda.com/pkgs/main/linux-64/debugpy-1.5.1-py38h295c915_0.conda#15761a758f4788b5e068c0b2288afab5
https://repo.anaconda.com/pkgs/main/noarch/decorator-4.4.2-pyhd3eb1b0_0.tar.bz2#bb65a01b6df2b526a1a440fc678f62fe
https://repo.anaconda.com/pkgs/main/noarch/defusedxml-0.7.1-pyhd3eb1b0_0.conda#d912068b0729930972adcaac338882c0
https://repo.anaconda.com/pkgs/main/noarch/distlib-0.3.2-pyhd3eb1b0_0.conda#86c256c16d9b416ffee75a4cfccf6c9a
https://conda.anaconda.org/conda-forge/noarch/einops-0.3.0-py_0.tar.bz2#21f4960d8cd855dfd8ecc3261bba6958
https://repo.anaconda.com/pkgs/main/linux-64/entrypoints-0.3-py38_0.conda#f21a05dd7fbcb93d709e629afc215745
https://conda.anaconda.org/conda-forge/noarch/executing-0.8.2-pyhd8ed1ab_0.tar.bz2#dcd884e2cf5bcdccdf78f7db35999d62
https://conda.anaconda.org/conda-forge/linux-64/ffmpeg-4.3.2-hca11adc_0.tar.bz2#b0781ef7f364374006913c8a3353e53c
https://repo.anaconda.com/pkgs/main/noarch/filelock-3.0.12-pyhd3eb1b0_1.tar.bz2#7d0f57e8f5d965d31222fb6254e4bd31
https://repo.anaconda.com/pkgs/main/linux-64/fontconfig-2.13.1-h6c09931_0.conda#fa04e89166d4b44326c6d76e2f708715
https://conda.anaconda.org/conda-forge/noarch/fsspec-2021.5.0-pyhd8ed1ab_0.tar.bz2#da823f51ebb876dafbed1c892fd80956
https://repo.anaconda.com/pkgs/main/linux-64/future-0.18.2-py38_1.conda#34aea374ae97858b1ea75421be6a38ef
https://conda.anaconda.org/conda-forge/noarch/gputil-1.4.0-pyh9f0ad1d_0.tar.bz2#29db5f9b8c113f130e7f1fa497d48422
https://conda.anaconda.org/conda-forge/linux-64/hdf5-1.10.6-nompi_h7c3c948_1111.tar.bz2#5350fdaf9505ffecbf0294fe835137fc
https://repo.anaconda.com/pkgs/main/noarch/humanize-3.3.0-pyhd3eb1b0_0.conda#9b3e33ca2f77bc065f80e9f10e861800
https://repo.anaconda.com/pkgs/main/noarch/idna-2.10-pyhd3eb1b0_0.tar.bz2#153ff132f593ea80aae2eea61a629c92
https://repo.anaconda.com/pkgs/main/noarch/ipython_genutils-0.2.0-pyhd3eb1b0_1.conda#553832c0b872a28088a0001fa2ba3822
https://repo.anaconda.com/pkgs/main/noarch/jupyterlab_widgets-1.0.0-pyhd3eb1b0_1.conda#9b1fcf8e060e6f4b05dce4b172259168
https://repo.anaconda.com/pkgs/main/linux-64/kiwisolver-1.3.1-py38h2531618_0.conda#c084270e4b56cfe39f5c3249ac1f9511
https://conda.anaconda.org/conda-forge/linux-64/libglib-2.68.0-h3e27bee_2.tar.bz2#a4d88d94d362430fd5c2bec54b8eb997
https://conda.anaconda.org/conda-forge/linux-64/libmamba-0.19.1-h3985d26_0.tar.bz2#2a6cf95c46b0777c2b999c3c4389c8f5
https://repo.anaconda.com/pkgs/main/linux-64/locket-0.2.1-py38h06a4308_1.conda#8a9db0bd5e3c16c3a2287631da1fecd9
https://repo.anaconda.com/pkgs/main/linux-64/markupsafe-1.1.1-py38h7b6447c_0.conda#3c00b559514e80ca92a4648f5045f29d
https://repo.anaconda.com/pkgs/main/linux-64/mccabe-0.6.1-py38_1.conda#5dec11e3e49e564e6c3a50877767444e
https://repo.anaconda.com/pkgs/main/linux-64/mistune-0.8.4-py38h7b6447c_1000.conda#5b985f581fab6e8aff8157976b0868a9
https://repo.anaconda.com/pkgs/main/noarch/mock-4.0.3-pyhd3eb1b0_0.conda#e30b674f018b25357c076ae407d769b9
https://repo.anaconda.com/pkgs/main/linux-64/mypy_extensions-0.4.3-py38_0.conda#f6e530e21a804080c85ba3c45ba33e0d
https://repo.anaconda.com/pkgs/main/noarch/natsort-7.1.1-pyhd3eb1b0_0.conda#f30b3c8d8553e5551c573124b7d8207e
https://repo.anaconda.com/pkgs/main/noarch/nest-asyncio-1.5.1-pyhd3eb1b0_0.conda#de1248e84dd58965e5199beff21adedd
https://repo.anaconda.com/pkgs/main/noarch/olefile-0.46-py_0.conda#c375c94096c0e2d79eba3b89f60dca93
https://repo.anaconda.com/pkgs/main/linux-64/pandocfilters-1.4.3-py38h06a4308_1.conda#a1e8be1705ee4281d968f421eb7fafe2
https://repo.anaconda.com/pkgs/main/noarch/parso-0.8.2-pyhd3eb1b0_0.conda#61b08919ce91e786d6e8c0a413fad2c8
https://conda.anaconda.org/conda-forge/noarch/pathspec-0.8.1-pyhd3deb0d_0.tar.bz2#fcd2fbb062b55d14a77e664c89ee17a6
https://repo.anaconda.com/pkgs/main/noarch/pickleshare-0.7.5-pyhd3eb1b0_1003.conda#4a6363fd8dda664b95f99f7c5aa95abc
https://conda.anaconda.org/conda-forge/linux-64/proj-7.2.0-h277dcde_2.tar.bz2#db654ee11298d3463bad67445707654c
https://repo.anaconda.com/pkgs/main/noarch/prometheus_client-0.9.0-pyhd3eb1b0_0.conda#e06086e493a084290884d2cbf6dfa151
https://repo.anaconda.com/pkgs/main/noarch/ptyprocess-0.7.0-pyhd3eb1b0_2.conda#7441d2827d4bfbcc1fa308875a146246
https://conda.anaconda.org/conda-forge/noarch/pure_eval-0.2.2-pyhd8ed1ab_0.tar.bz2#6784285c7e55cb7212efabc79e4c2883
https://repo.anaconda.com/pkgs/main/noarch/pyasn1-0.4.8-py_0.conda#8350499be7d2a3982b0878fe59e36b96
https://repo.anaconda.com/pkgs/main/noarch/pycodestyle-2.6.0-pyhd3eb1b0_0.tar.bz2#8961906b08fe24e23a7c44fb6ff7b9d2
https://repo.anaconda.com/pkgs/main/linux-64/pycosat-0.6.3-py38h7b6447c_1.conda#4549fa8bc89c922705e0d20374076081
https://repo.anaconda.com/pkgs/main/noarch/pycparser-2.20-py_2.conda#fcfeb621c6f895f3562ff01d9d6ce959
https://conda.anaconda.org/conda-forge/noarch/pydeprecate-0.3.1-pyhd8ed1ab_0.tar.bz2#42926d3d9945b1212fc0acbd6a5624ad
https://conda.anaconda.org/conda-forge/noarch/pydicom-2.1.2-pyhd3deb0d_0.tar.bz2#1254a4dcb1036d6bf256f39189a18f4b
https://repo.anaconda.com/pkgs/main/noarch/pyflakes-2.2.0-pyhd3eb1b0_0.tar.bz2#3e74ec64e1d3fbc713bf86f616ad63d8
https://conda.anaconda.org/conda-forge/noarch/pyjwt-2.0.1-pyhd8ed1ab_1.tar.bz2#ff02995e927b47823a0ac60e5ecf48ca
https://repo.anaconda.com/pkgs/main/noarch/pyparsing-2.4.7-pyhd3eb1b0_0.tar.bz2#b4511d563c82fbfb8be42afb8814b144
https://repo.anaconda.com/pkgs/main/linux-64/pyrsistent-0.17.3-py38h7b6447c_0.conda#ba41d756b401b9e76f94d8d44526ec9a
https://repo.anaconda.com/pkgs/main/linux-64/pysocks-1.7.1-py38h06a4308_0.conda#21c67581f3a81ffbb02728eb2178d693
https://conda.anaconda.org/conda-forge/linux-64/python_abi-3.8-1_cp38.tar.bz2#8d05152d6fb3012b27a0e6fbcc14bea1
https://repo.anaconda.com/pkgs/main/noarch/pytz-2021.1-pyhd3eb1b0_0.conda#d245638e438fd69fc77153cf96d97830
https://repo.anaconda.com/pkgs/main/linux-64/pyyaml-5.4.1-py38h27cfd23_1.conda#15a40db13c8d4ce97939fe256c6c50bf
https://repo.anaconda.com/pkgs/main/linux-64/regex-2021.3.17-py38h27cfd23_0.conda#612719545748524099379babe1d30989
https://repo.anaconda.com/pkgs/main/linux-64/ruamel.yaml.clib-0.2.2-py38h7b6447c_0.conda#80abc008c6dddc412ee8d19cfd042dca
https://repo.anaconda.com/pkgs/main/linux-64/ruamel_yaml-0.15.100-py38h27cfd23_0.conda#8c730d152d02992fd6c82a5dffee98f3
https://repo.anaconda.com/pkgs/main/noarch/send2trash-1.5.0-pyhd3eb1b0_1.conda#0e7ec21f7c16d7119c0e465d8868a549
https://repo.anaconda.com/pkgs/main/linux-64/six-1.15.0-py38h06a4308_0.conda#9748417d78b853a64a71fbc0e969fffc
https://repo.anaconda.com/pkgs/main/linux-64/tabulate-0.8.9-py38h06a4308_0.conda#1166a697b3acda4ceda09cf51fa523c5
https://repo.anaconda.com/pkgs/main/linux-64/tensorboard-data-server-0.6.0-py38hca6d32c_0.conda#6826296c8a9e4ce4dd02ab20a583f25a
https://conda.anaconda.org/conda-forge/noarch/tensorboard-plugin-wit-1.8.0-pyh44b312d_0.tar.bz2#2b9cacb9dfeb456540e5e8627a2bcd4e
https://repo.anaconda.com/pkgs/main/noarch/testpath-0.4.4-pyhd3eb1b0_0.tar.bz2#063b37d548764c4f4a9848bddc525312
https://repo.anaconda.com/pkgs/main/noarch/threadpoolctl-2.1.0-pyh5ca1d4c_0.conda#d7fb4986840739d43bfdc97f860464bd
https://repo.anaconda.com/pkgs/main/noarch/toml-0.10.2-pyhd3eb1b0_0.conda#cda05f5f6d8509529d1a2743288d197a
https://repo.anaconda.com/pkgs/main/noarch/toolz-0.11.1-pyhd3eb1b0_0.tar.bz2#00dfc93d10439703a4771d2b6c8624de
https://repo.anaconda.com/pkgs/main/linux-64/tornado-6.1-py38h27cfd23_0.conda#d2d3043f631807af72b0fde504baf625
https://conda.anaconda.org/conda-forge/noarch/tqdm-4.60.0-pyhd8ed1ab_0.tar.bz2#d4d22fcd50ccf1925fe59efd36ba4358
https://repo.anaconda.com/pkgs/main/linux-64/typed-ast-1.4.2-py38h27cfd23_1.conda#ce0143f42e0ffe523e4343b75963f1e0
https://conda.anaconda.org/conda-forge/noarch/typing_extensions-4.0.0-pyha770c72_0.tar.bz2#867353d58b5967a994dd3cec85166ad8
https://repo.anaconda.com/pkgs/main/noarch/wcwidth-0.2.5-py_0.conda#b7c958085cc261c78cf66df14926fafe
https://repo.anaconda.com/pkgs/main/linux-64/webencodings-0.5.1-py38_1.conda#5c9a80af48919815917612e58474a391
https://repo.anaconda.com/pkgs/main/noarch/werkzeug-1.0.1-pyhd3eb1b0_0.tar.bz2#855ae785dd316068d0b6cd3a5a5d2939
https://repo.anaconda.com/pkgs/main/noarch/wheel-0.36.2-pyhd3eb1b0_0.conda#31029affc034e8c7203202417cebd157
https://repo.anaconda.com/pkgs/main/linux-64/wrapt-1.12.1-py38h7b6447c_1.conda#73f3e24df328715b26f1e74a27487cce
https://repo.anaconda.com/pkgs/main/noarch/zipp-3.4.1-pyhd3eb1b0_0.conda#0c647479e59d235ee8bfaca0689b4eba
https://repo.anaconda.com/pkgs/main/linux-64/absl-py-0.12.0-py38h06a4308_0.conda#4f2cef4a53f00a2b9e098f71ac89e411
https://conda.anaconda.org/conda-forge/linux-64/addict-2.4.0-py38h578d9bd_0.tar.bz2#5cf009297ff6a887be4b001b6cc9a3a7
https://conda.anaconda.org/conda-forge/noarch/asttokens-2.0.5-pyhd8ed1ab_0.tar.bz2#74badce16f060701fee55c39332f5253
https://conda.anaconda.org/conda-forge/noarch/black-20.8b1-py_1.tar.bz2#e555d6b71ec916c3dc4e6e3793cc9796
https://repo.anaconda.com/pkgs/main/linux-64/cffi-1.14.5-py38h261ae71_0.conda#85022d8ccedf5b740fb631aefd93c011
https://conda.anaconda.org/conda-forge/noarch/cfgv-3.3.0-pyhd8ed1ab_0.tar.bz2#a739adbf102868f675bf70601e0af7ea
https://conda.anaconda.org/conda-forge/noarch/click-default-group-1.2.2-pyhd8ed1ab_1.tar.bz2#72a46ffc25701c173932fd55cf0965d3
https://repo.anaconda.com/pkgs/main/linux-64/conda-package-handling-1.7.2-py38h03888b9_0.conda#df032e2352df3401843d7eb432dda704
https://repo.anaconda.com/pkgs/main/linux-64/cycler-0.10.0-py38_0.conda#59bc042b0900f52a43a2a1ca50dfb60a
https://repo.anaconda.com/pkgs/main/linux-64/cytoolz-0.11.0-py38h7b6447c_0.conda#674167bf0c35566f9fb70653cfc196c0
https://repo.anaconda.com/pkgs/main/noarch/deprecated-1.2.12-pyhd3eb1b0_0.conda#c05ef7745536826ed13c39d989bc582c
https://conda.anaconda.org/conda-forge/linux-64/glib-tools-2.68.0-h9c3ff4c_2.tar.bz2#2f2f589461c8adfe1a2cc384c60e0458
https://conda.anaconda.org/conda-forge/linux-64/gstreamer-1.18.4-h76c114f_0.tar.bz2#8b55c71895bce3ea0beb5bf907840bb2
https://conda.anaconda.org/conda-forge/linux-64/importlib-metadata-3.10.0-py38h578d9bd_0.tar.bz2#c49f1519816f701eb42e5f4559709593
https://repo.anaconda.com/pkgs/main/linux-64/jedi-0.18.0-py38h06a4308_1.conda#f4e346aa60a82d8a3ae8548533129d21
https://conda.anaconda.org/conda-forge/linux-64/libitk-5.1.2-h86d312b_0.tar.bz2#2af3c856f4629e7917a5f1d84a172c1a
https://conda.anaconda.org/conda-forge/linux-64/libmambapy-0.19.1-py38h908000c_0.tar.bz2#e01d2d4a5ee727e3155311cfe1579fda
https://conda.anaconda.org/conda-forge/linux-64/libnetcdf-4.7.4-nompi_h56d31a8_107.tar.bz2#ef3d349e818876a175de7d87bd6451df
https://conda.anaconda.org/conda-forge/linux-64/loguru-0.5.3-py38h32f6830_2.tar.bz2#0c13217334a113e662b57860433db15a
https://conda.anaconda.org/conda-forge/linux-64/numpy-1.20.2-py38h9894fe3_0.tar.bz2#d159afa37685037c73461e8f2fa22e50
https://repo.anaconda.com/pkgs/main/noarch/packaging-20.9-pyhd3eb1b0_0.conda#ef4f0064540c6aa810659232158829a9
https://repo.anaconda.com/pkgs/main/noarch/partd-1.2.0-pyhd3eb1b0_0.conda#18acaf563820aea10c11d925e0bddfb4
https://repo.anaconda.com/pkgs/main/noarch/pexpect-4.8.0-pyhd3eb1b0_3.conda#765b2562d6cdd14bb6d44fc170a04331
https://repo.anaconda.com/pkgs/main/linux-64/pillow-8.1.2-py38he98fc37_0.conda#f9e29b0201efee773a719e27ed4d013c
https://conda.anaconda.org/conda-forge/noarch/pretty_errors-1.2.19-pyhd8ed1ab_0.tar.bz2#dc503bca76ba1af2c30423f8cd448d19
https://conda.anaconda.org/conda-forge/noarch/prompt-toolkit-3.0.18-pyha770c72_0.tar.bz2#aa44d0f71016061e83df1126764acdb7
https://repo.anaconda.com/pkgs/main/noarch/pyasn1-modules-0.2.8-py_0.conda#9f3232c42eed255f0877d3f7c955e237
https://conda.anaconda.org/conda-forge/linux-64/pyqt5-sip-4.19.18-py38h709712a_7.tar.bz2#e012838bbbe92f6a458c2584634830f1
https://repo.anaconda.com/pkgs/main/noarch/python-dateutil-2.8.1-pyhd3eb1b0_0.tar.bz2#9d1d5d6ada176b66b5ca6d420e1f414f
https://conda.anaconda.org/pytorch/linux-64/pytorch-1.10.0-py3.8_cuda11.3_cudnn8.2.0_0.tar.bz2#666e9a8bc7a634f6fbd95cea7649fe5e
https://conda.anaconda.org/conda-forge/linux-64/pyzmq-22.0.3-py38h2035c66_1.tar.bz2#cb624b5ab0fee319a6b97a94850130e5
https://repo.anaconda.com/pkgs/main/noarch/retrying-1.3.3-py_2.conda#2c1a58df588357f1a03aa75a41a14bc0
https://repo.anaconda.com/pkgs/main/noarch/rsa-4.7.2-pyhd3eb1b0_1.conda#4a7551a8d3da2725b6994751bad902f2
https://repo.anaconda.com/pkgs/main/linux-64/setuptools-52.0.0-py38h06a4308_0.conda#28b5368307cefee1c0940ff14064ed9c
https://conda.anaconda.org/conda-forge/noarch/snakeviz-2.1.1-pyhd8ed1ab_0.tar.bz2#e4636d276123af7d1e810fb3e88657ee
https://repo.anaconda.com/pkgs/main/linux-64/terminado-0.9.4-py38h06a4308_0.conda#b3cd142104de2795c9bbb34cbc308eb2
https://repo.anaconda.com/pkgs/main/noarch/traitlets-5.0.5-pyhd3eb1b0_0.tar.bz2#dea22b1a398fde6306c02919eadf0c78
https://conda.anaconda.org/conda-forge/noarch/typing-extensions-4.0.0-hd8ed1ab_0.tar.bz2#673180987c7cedf380792f046425d37d
https://conda.anaconda.org/conda-forge/linux-64/virtualenv-20.4.7-py38h578d9bd_0.tar.bz2#24b5e0295c43de15a51afb00f93a41de
https://repo.anaconda.com/pkgs/main/linux-64/argon2-cffi-20.1.0-py38h27cfd23_1.conda#9d915ab1205a2e1881bb28fde360630b
https://repo.anaconda.com/pkgs/main/noarch/bleach-3.3.0-pyhd3eb1b0_0.conda#af085436e6a87760b991523448c957f6
https://repo.anaconda.com/pkgs/main/linux-64/brotlipy-0.7.0-py38h27cfd23_1003.conda#e881c8ee8a4048f29da5d20f0330fe37
https://repo.anaconda.com/pkgs/main/linux-64/cryptography-3.4.7-py38hd23ed53_0.conda#2a1dbcc79beff36a06ca7a53f8316efc
https://repo.anaconda.com/pkgs/main/linux-64/cython-0.29.22-py38h2531618_0.conda#121e559596f58885fd39d5aefa28f596
https://repo.anaconda.com/pkgs/main/noarch/dask-core-2021.3.1-pyhd3eb1b0_0.conda#b5a2ac00f7870644675a09fd2f6f4435
https://conda.anaconda.org/conda-forge/linux-64/editdistance-s-1.0.0-py38h1fd1430_1.tar.bz2#03bbd69539712a691b0a43bd4a49976e
https://repo.anaconda.com/pkgs/main/noarch/flake8-3.9.0-pyhd3eb1b0_0.conda#a6601b9378c69585cfdc0bb129efa872
https://conda.anaconda.org/conda-forge/linux-64/glib-2.68.0-h9c3ff4c_2.tar.bz2#ba6d5a0b7d89bc34840523c33e4c9dff
https://repo.anaconda.com/pkgs/main/noarch/google-auth-1.21.3-py_0.conda#75808cd230611289ac4813e50c7220f8
https://conda.anaconda.org/conda-forge/linux-64/gst-plugins-base-1.18.4-h29181c9_0.tar.bz2#941e30272d811e5e78eb6060b4e406d1
https://repo.anaconda.com/pkgs/main/linux-64/h5py-3.6.0-py38ha0f2276_0.conda#40a334ef018154199984923c74674835
https://conda.anaconda.org/conda-forge/linux-64/imagecodecs-2021.8.26-py38hb5ce8f7_1.tar.bz2#879ca1b53b218849b29c472ab29f6a58
https://repo.anaconda.com/pkgs/main/noarch/imageio-2.9.0-py_0.conda#697401aa1eba2ebe4993bbf7b7fd0e65
https://conda.anaconda.org/conda-forge/noarch/importlib_metadata-3.10.0-hd8ed1ab_0.tar.bz2#4a9b50c006c49f5304c298a28749f63d
https://repo.anaconda.com/pkgs/main/noarch/jinja2-2.11.3-pyhd3eb1b0_0.conda#ca09ae9e8fd75176f050af93410ef8ac
https://repo.anaconda.com/pkgs/main/noarch/joblib-1.0.1-pyhd3eb1b0_0.conda#27f437079d0608383b5a5347a84621ac
https://repo.anaconda.com/pkgs/main/linux-64/jupyter_core-4.7.1-py38h06a4308_0.conda#4dc89e90fe7b643db7a9f82e933de4d8
https://conda.anaconda.org/conda-forge/noarch/kornia-0.5.8-pyhd8ed1ab_0.tar.bz2#57bef81d12abe3cb182d63f4e306b459
https://conda.anaconda.org/conda-forge/linux-64/libitk-devel-5.1.2-h9c3ff4c_0.tar.bz2#823a8caed9c179a617bc01d1391fceb5
https://repo.anaconda.com/pkgs/main/linux-64/markdown-3.3.4-py38h06a4308_0.conda#79467b455f4e185199ffbe05869ef793
https://conda.anaconda.org/conda-forge/linux-64/matplotlib-base-3.4.1-py38hcc49a3a_0.tar.bz2#a39ef001290edc846f61d184ea734767
https://conda.anaconda.org/conda-forge/noarch/matplotlib-inline-0.1.3-pyhd8ed1ab_0.tar.bz2#be3bfd435802d2c768c6b2439f325f3d
https://repo.anaconda.com/pkgs/main/noarch/networkx-2.5-py_0.conda#1e742e2128438ffefb4e0284873d1298
https://conda.anaconda.org/conda-forge/noarch/nodeenv-1.6.0-pyhd8ed1ab_0.tar.bz2#0941325bf48969e2b3b19d0951740950
https://conda.anaconda.org/conda-forge/linux-64/numexpr-2.7.3-py38h51da96c_0.tar.bz2#0df7fb81f1a42a9b1d44477b690b53e0
https://repo.anaconda.com/pkgs/main/linux-64/pandas-1.2.3-py38ha9443f7_0.conda#9bff5082f144ef27a7b78ea328c633f6
https://conda.anaconda.org/conda-forge/noarch/pip-22.0.2-pyhd8ed1ab_1.tar.bz2#4ff342bf8610a77e9e09ff833833f84d
https://repo.anaconda.com/pkgs/main/noarch/plotly-4.14.3-pyhd3eb1b0_0.conda#3c13af8ab585ab0b757382caf4b6dc00
https://conda.anaconda.org/conda-forge/linux-64/protobuf-3.15.6-py38h709712a_0.tar.bz2#cb35497f6f5ebd14f206dd859f75f8d1
https://repo.anaconda.com/pkgs/main/linux-64/pydantic-1.8.2-py38h7f8727e_0.conda#d7e091641641e8c0d4fdc37caac6c45a
https://repo.anaconda.com/pkgs/main/noarch/pygments-2.8.1-pyhd3eb1b0_0.conda#a82ee5f18dc1890d29b33d5e17d91a5d
https://repo.anaconda.com/pkgs/main/linux-64/pywavelets-1.1.1-py38h7b6447c_2.conda#b81b77842f5305cc880459cc095d9374
https://conda.anaconda.org/conda-forge/linux-64/ruamel.yaml-0.17.10-py38h497a2fe_0.tar.bz2#5cb2ce7e99616e932127bd83ae3fe69d
https://conda.anaconda.org/conda-forge/linux-64/scipy-1.5.3-py38h828c644_0.tar.bz2#f1df568a1bd99ffa39656712c7a3aa3e
https://conda.anaconda.org/conda-forge/noarch/stack_data-0.1.4-pyhd8ed1ab_0.tar.bz2#e68dcab1b415c3c44be2a51d7d41e921
https://conda.anaconda.org/conda-forge/noarch/torchinfo-1.6.2-pyhd8ed1ab_0.tar.bz2#badb0795e85af7d8bf52c04d2a93387a
https://conda.anaconda.org/conda-forge/noarch/torchmetrics-0.5.1-pyhd8ed1ab_0.tar.bz2#7cae48c4df90305430fe83cb9087fa98
https://conda.anaconda.org/pytorch/linux-64/torchvision-0.11.1-py38_cu113.tar.bz2#bf33bc5971a1799273d43d760b39ee95
https://conda.anaconda.org/conda-forge/noarch/traittypes-0.2.1-pyh9f0ad1d_2.tar.bz2#7d32ccb5334a6822c28af3e864550618
https://conda.anaconda.org/conda-forge/linux-64/vtk-9.0.1-no_osmesa_py38h6115c68_105.tar.bz2#c11c6260d8da52d6994d4a77b3972d80
https://conda.anaconda.org/conda-forge/linux-64/cvxpy-base-1.1.11-py38h51da96c_0.tar.bz2#efd304918ea25d0d70570d0b37256be1
https://repo.anaconda.com/pkgs/main/linux-64/dbus-1.13.18-hb2f20db_0.conda#6a6a6f1391f807847404344489ef6cf4
https://repo.anaconda.com/pkgs/main/linux-64/ecos-2.0.7.post1-py38heb32a55_0.conda#abfa813c558e44f75d2fde46b5b38361
https://conda.anaconda.org/conda-forge/noarch/fury-0.7.0-pyh44b312d_0.tar.bz2#25a9a8460de4ed7b38f75ed7a56dcc89
https://repo.anaconda.com/pkgs/main/linux-64/grpcio-1.36.1-py38h2157cd5_1.conda#6211194130d38bd58f54cc62bfb695fc
https://conda.anaconda.org/conda-forge/noarch/identify-2.2.11-pyhd8ed1ab_0.tar.bz2#1a14209edbd9d09ca8c0d7a116de4457
https://conda.anaconda.org/conda-forge/linux-64/ipython-8.0.1-py38h578d9bd_0.tar.bz2#d0eb7c0e84fc4a9222321840b7ff74a3
https://repo.anaconda.com/pkgs/main/noarch/jsonschema-3.2.0-py_2.conda#9b1f6a78ee7c1a42b37d32981052592d
https://repo.anaconda.com/pkgs/main/noarch/jupyter_client-6.1.12-pyhd3eb1b0_0.conda#080d92e7c1858dd232eda21025bdff9f
https://repo.anaconda.com/pkgs/main/noarch/jupyterlab_pygments-0.1.2-py_0.conda#af46aff4922ca45df6ba19b313df6070
https://conda.anaconda.org/conda-forge/noarch/nibabel-3.2.1-pyhd8ed1ab_0.tar.bz2#15eb276af62a35929e48b20b59da66e8
https://repo.anaconda.com/pkgs/main/noarch/oauthlib-3.1.0-py_0.conda#c17d4f150993bb3181a2bb4d0b3fdeef
https://repo.anaconda.com/pkgs/main/linux-64/patsy-0.5.1-py38_0.conda#3fc7aa77bedd5a60263c6328928d6e59
https://repo.anaconda.com/pkgs/main/noarch/pyopenssl-20.0.1-pyhd3eb1b0_1.conda#ac62ddccf2e89f7a35867b2478a278af
https://conda.anaconda.org/conda-forge/linux-64/pytables-3.6.1-py38hc386592_3.tar.bz2#4ac8fd4ae49adc4b04c099e938cbf767
https://conda.anaconda.org/conda-forge/noarch/python-box-5.4.1-pyhd8ed1ab_0.tar.bz2#1a1c65c1d11d04537970bd036fd0b94c
https://conda.anaconda.org/conda-forge/linux-64/qdldl-python-0.1.5-py38h51da96c_0.tar.bz2#7d11921cc5ce10fc1f0f5b286ee02bfb
https://repo.anaconda.com/pkgs/main/linux-64/scikit-learn-0.24.1-py38ha9443f7_0.conda#0dcfd6b950aa48db01e0aa14dcba6a7c
https://conda.anaconda.org/conda-forge/linux-64/scs-2.1.2-py38hfe171b0_2.tar.bz2#140e92537bd44b4556e2217a1943e3ed
https://conda.anaconda.org/conda-forge/linux-64/simpleitk-2.0.2-py38hb8ccc7d_1.tar.bz2#1f595746659dbb9d97e35c394244b1f8
https://repo.anaconda.com/pkgs/main/noarch/tifffile-2021.3.17-pyhd3eb1b0_1.conda#8dbe187d8dc81f584425d007f5a01fed
https://conda.anaconda.org/conda-forge/noarch/ipdb-0.13.4-pyhd3deb0d_0.tar.bz2#b6e9e536a43b76c5341fe061177d65c4
https://conda.anaconda.org/conda-forge/linux-64/ipykernel-6.0.1-py38hd0cf306_0.tar.bz2#ba3acee7c7995c812bd30ed29b3440e7
https://repo.anaconda.com/pkgs/main/noarch/nbformat-5.1.2-pyhd3eb1b0_1.conda#b5160a14096c334182db97ab9aaf8cc9
https://conda.anaconda.org/conda-forge/linux-64/osqp-0.6.2-py38h51da96c_1.tar.bz2#96d793cb3c972944f2a5459af5a4aa97
https://conda.anaconda.org/conda-forge/linux-64/pre-commit-2.13.0-py38h578d9bd_0.tar.bz2#1013dff06f574377c64f11efa7e2c016
https://conda.anaconda.org/conda-forge/linux-64/qt-5.12.9-hda022c4_4.tar.bz2#afebab1f5049d66baaaec67d9ce893f0
https://repo.anaconda.com/pkgs/main/linux-64/statsmodels-0.12.2-py38h27cfd23_0.conda#54140cda25f5270011d4df346497d29a
https://conda.anaconda.org/conda-forge/noarch/torchio-0.18.30-pyhd8ed1ab_0.tar.bz2#5fc3b22aacc10f7442bfe02b09aa6631
https://repo.anaconda.com/pkgs/main/noarch/urllib3-1.26.4-pyhd3eb1b0_0.conda#606aeafb141c40a22dc119f0efc952df
https://conda.anaconda.org/conda-forge/noarch/watermark-2.2.0-pyhd8ed1ab_0.tar.bz2#c93926fd4f95bd26153f28cdf8b8f78b
https://conda.anaconda.org/conda-forge/linux-64/cvxpy-1.1.11-py38h578d9bd_0.tar.bz2#234a6237be26ca68e6198ea7c62129f9
https://repo.anaconda.com/pkgs/main/noarch/nbclient-0.5.3-pyhd3eb1b0_0.conda#b92330415e6f74136f059edc992586f7
https://conda.anaconda.org/conda-forge/noarch/nbstripout-0.5.0-pyhd8ed1ab_0.tar.bz2#f2db95d8e4f7b6e9f6233be79933a693
https://conda.anaconda.org/conda-forge/linux-64/pyqt-impl-5.12.3-py38h7400c14_7.tar.bz2#8fe28c949b01e3d69c2b357b5abf3916
https://repo.anaconda.com/pkgs/main/noarch/requests-2.25.1-pyhd3eb1b0_0.conda#9d30b41b315403c7c74793b9b8d88580
https://repo.anaconda.com/pkgs/main/linux-64/conda-4.11.0-py38h06a4308_0.conda#1e1e7c2861201e33275df3d286762079
https://conda.anaconda.org/conda-forge/noarch/ensureconda-1.4.1-pyhd8ed1ab_0.tar.bz2#52a7f7cc9076e2c8a25e15e19ad42821
https://repo.anaconda.com/pkgs/main/linux-64/nbconvert-6.0.7-py38_0.conda#f40d21b65e2ef1f25cc0b91ad84d76ce
https://conda.anaconda.org/conda-forge/noarch/nilearn-0.7.1-pyhd8ed1ab_0.tar.bz2#a8ec9904e3a4f996a67c84a26fae7b69
https://repo.anaconda.com/pkgs/main/noarch/pooch-1.3.0-pyhd3eb1b0_0.conda#6dc85c5a03bbb4fdc8d76de736354943
https://conda.anaconda.org/conda-forge/linux-64/pyqtchart-5.12-py38h7400c14_7.tar.bz2#3003444b4f41742a33b7afdeb3260cbc
https://conda.anaconda.org/conda-forge/linux-64/pyqtwebengine-5.12.1-py38h7400c14_7.tar.bz2#1c17944e118b314ff4d0bfc05f03a5e1
https://repo.anaconda.com/pkgs/main/noarch/requests-oauthlib-1.3.0-py_0.conda#a889394d246d3d475ced7df1314abdaa
https://conda.anaconda.org/conda-forge/noarch/conda-lock-0.13.2-pyhd8ed1ab_0.tar.bz2#4fa525b4257e4938eaeb2269fdf33d1f
https://repo.anaconda.com/pkgs/main/noarch/google-auth-oauthlib-0.4.1-py_2.conda#9d5594051a7a1099d4f5cf9172b1a145
https://conda.anaconda.org/conda-forge/linux-64/mamba-0.19.1-py38h1abaa86_0.tar.bz2#87d535515cf0c2572518ba5d679eff3f
https://repo.anaconda.com/pkgs/main/linux-64/notebook-6.3.0-py38h06a4308_0.conda#8a93c01053e48a7e34e41ecee709ae67
https://conda.anaconda.org/conda-forge/linux-64/pyqt-5.12.3-py38h578d9bd_7.tar.bz2#7166890c160d0441f59973a40b74f6e5
https://conda.anaconda.org/conda-forge/linux-64/scikit-image-0.18.1-py38h51da96c_0.tar.bz2#b744b5ff5b3162802274e6d04d8c9047
https://conda.anaconda.org/conda-forge/linux-64/dipy-1.4.1-py38hb5d20a5_0.tar.bz2#f7c8fb1d48c28b3618a16dfde355d904
https://conda.anaconda.org/conda-forge/linux-64/matplotlib-3.4.1-py38h578d9bd_0.tar.bz2#850026fe180249b53fd3df025ea434f6
https://repo.anaconda.com/pkgs/main/linux-64/nb_conda_kernels-2.3.1-py38h06a4308_0.conda#887ab6c9e5b089cf8e897901444c14a7
https://repo.anaconda.com/pkgs/main/noarch/tensorboard-2.6.0-py_1.conda#ae9e7dd9b15357483d895981ab3d3f82
https://repo.anaconda.com/pkgs/main/linux-64/widgetsnbextension-3.5.1-py38_0.conda#18f1de4d8d96594cfff3a4129e24d6e4
https://repo.anaconda.com/pkgs/main/noarch/ipywidgets-7.6.3-pyhd3eb1b0_1.conda#7a84479f991f15f3f960953540f2eac2
https://conda.anaconda.org/conda-forge/noarch/pytorch-lightning-1.5.9-pyhd8ed1ab_0.tar.bz2#ebde728962d3b5812189ef7db5c22cd7
https://repo.anaconda.com/pkgs/main/noarch/seaborn-0.11.1-pyhd3eb1b0_0.conda#ffbd2d692d2acdc84f2cdbd2c66d1098
https://conda.anaconda.org/conda-forge/noarch/ipydatawidgets-4.2.0-pyhd3deb0d_0.tar.bz2#2fa9972333df26f1cedfb659468f1b1e
